
Microsoft Visual Studio Solution File, Format Version 12.00
# Visual Studio Version 17
VisualStudioVersion = 17.9.34902.65
MinimumVisualStudioVersion = 10.0.40219.1
Project("{9A19103F-16F7-4668-BE54-9A1E7A4F7556}") = "Snappier", "Snappier\Snappier.csproj", "{8F277C8D-81B3-4217-B070-D983EE8555AE}"
EndProject
Global
	GlobalSection(SolutionConfigurationPlatforms) = preSolution
		Debug|Any CPU = Debug|Any CPU
		Release|Any CPU = Release|Any CPU
	EndGlobalSection
	GlobalSection(ProjectConfigurationPlatforms) = postSolution
		{8F277C8D-81B3-4217-B070-D983EE8555AE}.Debug|Any CPU.ActiveCfg = Debug|Any CPU
		{8F277C8D-81B3-4217-B070-D983EE8555AE}.Debug|Any CPU.Build.0 = Debug|Any CPU
		{8F277C8D-81B3-4217-B070-D983EE8555AE}.Release|Any CPU.ActiveCfg = Release|Any CPU
		{8F277C8D-81B3-4217-B070-D983EE8555AE}.Release|Any CPU.Build.0 = Release|Any CPU
	EndGlobalSection
	GlobalSection(SolutionProperties) = preSolution
		HideSolutionNode = FALSE
	EndGlobalSection
	GlobalSection(ExtensibilityGlobals) = postSolution
		SolutionGuid = {99FD9E67-276A-433F-AD9C-29B9AD17CA32}
	EndGlobalSection
EndGlobal
